{
  "name": "js-examples",
  "version": "1.0.0",
  "lockfileVersion": 3,
  "requires": true,
  "packages": {
    "": {
      "name": "js-examples",
      "version": "1.0.0",
      "license": "ISC",
      "dependencies": {
        "@prisma/client": "^5.11.0",
        "chai": "^4.4.1"
      },
      "devDependencies": {
        "node-fetch": "^3.3.2",
        "prisma": "^5.11.0"
      }
    },
    "node_modules/@prisma/client": {
      "version": "5.11.0",
      "hasInstallScript": true,
      "license": "Apache-2.0",
      "engines": {
        "node": ">=16.13"
      },
      "peerDependencies": {
        "prisma": "*"
      },
      "peerDependenciesMeta": {
        "prisma": {
          "optional": true
        }
      }
    },
    "node_modules/@prisma/debug": {
      "version": "5.11.0",
      "devOptional": true,
      "license": "Apache-2.0"
    },
    "node_modules/@prisma/engines": {
      "version": "5.11.0",
      "devOptional": true,
      "hasInstallScript": true,
      "license": "Apache-2.0",
      "dependencies": {
        "@prisma/debug": "5.11.0",
        "@prisma/engines-version": "5.11.0-15.efd2449663b3d73d637ea1fd226bafbcf45b3102",
        "@prisma/fetch-engine": "5.11.0",
        "@prisma/get-platform": "5.11.0"
      }
    },
    "node_modules/@prisma/engines-version": {
      "version": "5.11.0-15.efd2449663b3d73d637ea1fd226bafbcf45b3102",
      "devOptional": true,
      "license": "Apache-2.0"
    },
    "node_modules/@prisma/fetch-engine": {
      "version": "5.11.0",
      "devOptional": true,
      "license": "Apache-2.0",
      "dependencies": {
        "@prisma/debug": "5.11.0",
        "@prisma/engines-version": "5.11.0-15.efd2449663b3d73d637ea1fd226bafbcf45b3102",
        "@prisma/get-platform": "5.11.0"
      }
    },
    "node_modules/@prisma/get-platform": {
      "version": "5.11.0",
      "devOptional": true,
      "license": "Apache-2.0",
      "dependencies": {
        "@prisma/debug": "5.11.0"
      }
    },
    "node_modules/assertion-error": {
      "version": "1.1.0",
      "license": "MIT",
      "engines": {
        "node": "*"
      }
    },
    "node_modules/chai": {
      "version": "4.4.1",
      "license": "MIT",
      "dependencies": {
        "assertion-error": "^1.1.0",
        "check-error": "^1.0.3",
        "deep-eql": "^4.1.3",
        "get-func-name": "^2.0.2",
        "loupe": "^2.3.6",
        "pathval": "^1.1.1",
        "type-detect": "^4.0.8"
      },
      "engines": {
        "node": ">=4"
      }
    },
    "node_modules/check-error": {
      "version": "1.0.3",
      "license": "MIT",
      "dependencies": {
        "get-func-name": "^2.0.2"
      },
      "engines": {
        "node": "*"
      }
    },
    "node_modules/data-uri-to-buffer": {
      "version": "4.0.1",
      "dev": true,
      "license": "MIT",
      "engines": {
        "node": ">= 12"
      }
    },
    "node_modules/deep-eql": {
      "version": "4.1.3",
      "license": "MIT",
      "dependencies": {
        "type-detect": "^4.0.0"
      },
      "engines": {
        "node": ">=6"
      }
    },
    "node_modules/fetch-blob": {
      "version": "3.2.0",
      "dev": true,
      "funding": [
        {
          "type": "github",
          "url": "https://github.com/sponsors/jimmywarting"
        },
        {
          "type": "paypal",
          "url": "https://paypal.me/jimmywarting"
        }
      ],
      "license": "MIT",
      "dependencies": {
        "node-domexception": "^1.0.0",
        "web-streams-polyfill": "^3.0.3"
      },
      "engines": {
        "node": "^12.20 || >= 14.13"
      }
    },
    "node_modules/formdata-polyfill": {
      "version": "4.0.10",
      "dev": true,
      "license": "MIT",
      "dependencies": {
        "fetch-blob": "^3.1.2"
      },
      "engines": {
        "node": ">=12.20.0"
      }
    },
    "node_modules/get-func-name": {
      "version": "2.0.2",
      "license": "MIT",
      "engines": {
        "node": "*"
      }
    },
    "node_modules/loupe": {
      "version": "2.3.7",
      "license": "MIT",
      "dependencies": {
        "get-func-name": "^2.0.1"
      }
    },
    "node_modules/node-domexception": {
      "version": "1.0.0",
      "dev": true,
      "funding": [
        {
          "type": "github",
          "url": "https://github.com/sponsors/jimmywarting"
        },
        {
          "type": "github",
          "url": "https://paypal.me/jimmywarting"
        }
      ],
      "license": "MIT",
      "engines": {
        "node": ">=10.5.0"
      }
    },
    "node_modules/node-fetch": {
      "version": "3.3.2",
      "dev": true,
      "license": "MIT",
      "dependencies": {
        "data-uri-to-buffer": "^4.0.0",
        "fetch-blob": "^3.1.4",
        "formdata-polyfill": "^4.0.10"
      },
      "engines": {
        "node": "^12.20.0 || ^14.13.1 || >=16.0.0"
      },
      "funding": {
        "type": "opencollective",
        "url": "https://opencollective.com/node-fetch"
      }
    },
    "node_modules/pathval": {
      "version": "1.1.1",
      "license": "MIT",
      "engines": {
        "node": "*"
      }
    },
    "node_modules/prisma": {
      "version": "5.11.0",
      "devOptional": true,
      "hasInstallScript": true,
      "license": "Apache-2.0",
      "dependencies": {
        "@prisma/engines": "5.11.0"
      },
      "bin": {
        "prisma": "build/index.js"
      },
      "engines": {
        "node": ">=16.13"
      }
    },
    "node_modules/type-detect": {
      "version": "4.0.8",
      "license": "MIT",
      "engines": {
        "node": ">=4"
      }
    },
    "node_modules/web-streams-polyfill": {
      "version": "3.3.3",
      "dev": true,
      "license": "MIT",
      "engines": {
        "node": ">= 8"
      }
    }
  }
}
