# THIS IS AN AUTOGENERATED FILE. DO NOT EDIT THIS FILE DIRECTLY.
# yarn lockfile v1


"@prisma/client@^5.11.0":
  version "5.12.0"
  resolved "https://registry.yarnpkg.com/@prisma/client/-/client-5.12.0.tgz#4d1fb68074307bf9445d06ad387139301aa4bcc4"
  integrity sha512-bk/+KPpRm0+IzqFCtAxrj+/TNiHzulspnO+OkysaYY/atc/eX0Gx8V3tTLxbHKVX0LKD4Hi8KKCcSbU1U72n7Q==

"@prisma/debug@5.12.0":
  version "5.12.0"
  resolved "https://registry.yarnpkg.com/@prisma/debug/-/debug-5.12.0.tgz#0d5d94f095ae2d7e59ce89d32ad7bc4112b155b0"
  integrity sha512-wK3fQLxPLMqf5riT5ZIhl8NffPSzFUwtzFX5CH7z/oI9Swmo9UhQlUgZABIVgdXSJ5OAlmRcDZtDKaMApIl8sg==

"@prisma/engines-version@5.12.0-21.473ed3124229e22d881cb7addf559799debae1ab":
  version "5.12.0-21.473ed3124229e22d881cb7addf559799debae1ab"
  resolved "https://registry.yarnpkg.com/@prisma/engines-version/-/engines-version-5.12.0-21.473ed3124229e22d881cb7addf559799debae1ab.tgz#c78d099a3fe86d446db7442e64e56987e39e7f32"
  integrity sha512-6yvO8s80Tym61aB4QNtYZfWVmE3pwqe807jEtzm8C5VDe7nw8O1FGX3TXUaXmWV0fQTIAfRbeL2Gwrndabp/0g==

"@prisma/engines@5.12.0":
  version "5.12.0"
  resolved "https://registry.yarnpkg.com/@prisma/engines/-/engines-5.12.0.tgz#81a060d6eaf3da65c29bc7d81cd74fae72f13675"
  integrity sha512-rFNRul9JGu0d3tf8etBgmDQ4NVoDwgGrRguvQOc8i+c6g7xPjRuu4aKzMMvHWUuccvRx5+fs1KMBxQ0x2THt+Q==
  dependencies:
    "@prisma/debug" "5.12.0"
    "@prisma/engines-version" "5.12.0-21.473ed3124229e22d881cb7addf559799debae1ab"
    "@prisma/fetch-engine" "5.12.0"
    "@prisma/get-platform" "5.12.0"

"@prisma/fetch-engine@5.12.0":
  version "5.12.0"
  resolved "https://registry.yarnpkg.com/@prisma/fetch-engine/-/fetch-engine-5.12.0.tgz#0418b29a0b473bb633871b43e3eb45c57a9157e5"
  integrity sha512-qkHQbZ1hspvOwcImvqY4yj7+FUlw0+uP+6tu3g24V4ULHOXLLkvr5ZZc6vy26OF0hkbD3kcDJCeutFis3poKgg==
  dependencies:
    "@prisma/debug" "5.12.0"
    "@prisma/engines-version" "5.12.0-21.473ed3124229e22d881cb7addf559799debae1ab"
    "@prisma/get-platform" "5.12.0"

"@prisma/get-platform@5.12.0":
  version "5.12.0"
  resolved "https://registry.yarnpkg.com/@prisma/get-platform/-/get-platform-5.12.0.tgz#72b3ca03181d6bb20596b40ed581d5e0b06512ec"
  integrity sha512-81Ptv9YJnwTArEBPQ2Lvu58sZPxy4OixKxVVgysFan6A3bFP7q8gIg15WTjsRuH4WXh6B667EM9sqoMTNu0fLQ==
  dependencies:
    "@prisma/debug" "5.12.0"

assertion-error@^1.1.0:
  version "1.1.0"
  resolved "https://registry.yarnpkg.com/assertion-error/-/assertion-error-1.1.0.tgz#e60b6b0e8f301bd97e5375215bda406c85118c0b"
  integrity sha512-jgsaNduz+ndvGyFt3uSuWqvy4lCnIJiovtouQN5JZHOKCS2QuhEdbcQHFhVksz2N2U9hXJo8odG7ETyWlEeuDw==

chai@^4.4.1:
  version "4.4.1"
  resolved "https://registry.yarnpkg.com/chai/-/chai-4.4.1.tgz#3603fa6eba35425b0f2ac91a009fe924106e50d1"
  integrity sha512-13sOfMv2+DWduEU+/xbun3LScLoqN17nBeTLUsmDfKdoiC1fr0n9PU4guu4AhRcOVFk/sW8LyZWHuhWtQZiF+g==
  dependencies:
    assertion-error "^1.1.0"
    check-error "^1.0.3"
    deep-eql "^4.1.3"
    get-func-name "^2.0.2"
    loupe "^2.3.6"
    pathval "^1.1.1"
    type-detect "^4.0.8"

check-error@^1.0.3:
  version "1.0.3"
  resolved "https://registry.yarnpkg.com/check-error/-/check-error-1.0.3.tgz#a6502e4312a7ee969f646e83bb3ddd56281bd694"
  integrity sha512-iKEoDYaRmd1mxM90a2OEfWhjsjPpYPuQ+lMYsoxB126+t8fw7ySEO48nmDg5COTjxDI65/Y2OWpeEHk3ZOe8zg==
  dependencies:
    get-func-name "^2.0.2"

deep-eql@^4.1.3:
  version "4.1.3"
  resolved "https://registry.yarnpkg.com/deep-eql/-/deep-eql-4.1.3.tgz#7c7775513092f7df98d8df9996dd085eb668cc6d"
  integrity sha512-WaEtAOpRA1MQ0eohqZjpGD8zdI0Ovsm8mmFhaDN8dvDZzyoUMcYDnf5Y6iu7HTXxf8JDS23qWa4a+hKCDyOPzw==
  dependencies:
    type-detect "^4.0.0"

get-func-name@^2.0.1, get-func-name@^2.0.2:
  version "2.0.2"
  resolved "https://registry.yarnpkg.com/get-func-name/-/get-func-name-2.0.2.tgz#0d7cf20cd13fda808669ffa88f4ffc7a3943fc41"
  integrity sha512-8vXOvuE167CtIc3OyItco7N/dpRtBbYOsPsXCz7X/PMnlGjYjSGuZJgM1Y7mmew7BKf9BqvLX2tnOVy1BBUsxQ==

loupe@^2.3.6:
  version "2.3.7"
  resolved "https://registry.yarnpkg.com/loupe/-/loupe-2.3.7.tgz#6e69b7d4db7d3ab436328013d37d1c8c3540c697"
  integrity sha512-zSMINGVYkdpYSOBmLi0D1Uo7JU9nVdQKrHxC8eYlV+9YKK9WePqAlL7lSlorG/U2Fw1w0hTBmaa/jrQ3UbPHtA==
  dependencies:
    get-func-name "^2.0.1"

node-fetch@2.7.0:
  version "2.7.0"
  resolved "https://registry.yarnpkg.com/node-fetch/-/node-fetch-2.7.0.tgz#d0f0fa6e3e2dc1d27efcd8ad99d550bda94d187d"
  integrity sha512-c4FRfUm/dbcWZ7U+1Wq0AwCyFL+3nt2bEw05wfxSz+DWpWsitgmSgYmy2dQdWyKC1694ELPqMs/YzUSNozLt8A==
  dependencies:
    whatwg-url "^5.0.0"

pathval@^1.1.1:
  version "1.1.1"
  resolved "https://registry.yarnpkg.com/pathval/-/pathval-1.1.1.tgz#8534e77a77ce7ac5a2512ea21e0fdb8fcf6c3d8d"
  integrity sha512-Dp6zGqpTdETdR63lehJYPeIOqpiNBNtc7BpWSLrOje7UaIsE5aY92r/AunQA7rsXvet3lrJ3JnZX29UPTKXyKQ==

prisma@^5.11.0:
  version "5.12.0"
  resolved "https://registry.yarnpkg.com/prisma/-/prisma-5.12.0.tgz#b4194a549f5e0365233fb14f3fadef3bed057b5e"
  integrity sha512-zxw4WSIvpsyNbpv8r7Fxgm7nwTFVmD6wbN6VuH13lClOceSANDOMl4jO3oxE6VzhjxmnEJqOGZjON2T2UpmLag==
  dependencies:
    "@prisma/engines" "5.12.0"

tr46@~0.0.3:
  version "0.0.3"
  resolved "https://registry.yarnpkg.com/tr46/-/tr46-0.0.3.tgz#8184fd347dac9cdc185992f3a6622e14b9d9ab6a"
  integrity sha512-N3WMsuqV66lT30CrXNbEjx4GEwlow3v6rr4mCcv6prnfwhS01rkgyFdjPNBYd9br7LpXV1+Emh01fHnq2Gdgrw==

type-detect@^4.0.0, type-detect@^4.0.8:
  version "4.0.8"
  resolved "https://registry.yarnpkg.com/type-detect/-/type-detect-4.0.8.tgz#7646fb5f18871cfbb7749e69bd39a6388eb7450c"
  integrity sha512-0fr/mIH1dlO+x7TlcMy+bIDqKPsw/70tVyeHW787goQjhmqaZe10uwLujubK9q9Lg6Fiho1KUKDYz0Z7k7g5/g==

webidl-conversions@^3.0.0:
  version "3.0.1"
  resolved "https://registry.yarnpkg.com/webidl-conversions/-/webidl-conversions-3.0.1.tgz#24534275e2a7bc6be7bc86611cc16ae0a5654871"
  integrity sha512-2JAn3z8AR6rjK8Sm8orRC0h/bcl/DqL7tRPdGZ4I1CjdF+EaMLmYxBHyXuKL849eucPFhvBoxMsflfOb8kxaeQ==

whatwg-url@^5.0.0:
  version "5.0.0"
  resolved "https://registry.yarnpkg.com/whatwg-url/-/whatwg-url-5.0.0.tgz#966454e8765462e37644d3626f6742ce8b70965d"
  integrity sha512-saE57nupxk6v3HY35+jzBwYa0rKSy0XR8JSxZPwgLr7ys0IBzhGviA1/TUGJLmSVqs8pb9AnvICXEuOHLprYTw==
  dependencies:
    tr46 "~0.0.3"
    webidl-conversions "^3.0.0"
